
Microsoft Visual Studio Solution File, Format Version 12.00
# Visual Studio 15
VisualStudioVersion = 15.0.26730.15
MinimumVisualStudioVersion = 10.0.40219.1
Project("{FAE04EC0-301F-11D3-BF4B-00C04F79EFBC}") = "BiliAnimeDownload.Android", "BiliAnimeDownload\BiliAnimeDownload.Android\BiliAnimeDownload.Android.csproj", "{B2B24FB0-C725-4133-945F-C54FF26B1EFA}"
EndProject
Project("{FAE04EC0-301F-11D3-BF4B-00C04F79EFBC}") = "BiliAnimeDownload", "BiliAnimeDownload\BiliAnimeDownload\BiliAnimeDownload.csproj", "{C17CC521-171D-4288-A71D-3E0BA70D8F81}"
EndProject
Project("{FAE04EC0-301F-11D3-BF4B-00C04F79EFBC}") = "Compass.FilePicker", "BiliAnimeDownload\Compass.FilePicker\Compass.FilePicker.csproj", "{605F69AA-93A8-4AEA-9BBD-BF3AE649506A}"
EndProject
Global
	GlobalSection(SolutionConfigurationPlatforms) = preSolution
		Ad-Hoc|Any CPU = Ad-Hoc|Any CPU
		Ad-Hoc|ARM = Ad-Hoc|ARM
		Ad-Hoc|iPhone = Ad-Hoc|iPhone
		Ad-Hoc|iPhoneSimulator = Ad-Hoc|iPhoneSimulator
		Ad-Hoc|x64 = Ad-Hoc|x64
		Ad-Hoc|x86 = Ad-Hoc|x86
		AppStore|Any CPU = AppStore|Any CPU
		AppStore|ARM = AppStore|ARM
		AppStore|iPhone = AppStore|iPhone
		AppStore|iPhoneSimulator = AppStore|iPhoneSimulator
		AppStore|x64 = AppStore|x64
		AppStore|x86 = AppStore|x86
		Debug|Any CPU = Debug|Any CPU
		Debug|ARM = Debug|ARM
		Debug|iPhone = Debug|iPhone
		Debug|iPhoneSimulator = Debug|iPhoneSimulator
		Debug|x64 = Debug|x64
		Debug|x86 = Debug|x86
		Release|Any CPU = Release|Any CPU
		Release|ARM = Release|ARM
		Release|iPhone = Release|iPhone
		Release|iPhoneSimulator = Release|iPhoneSimulator
		Release|x64 = Release|x64
		Release|x86 = Release|x86
	EndGlobalSection
	GlobalSection(ProjectConfigurationPlatforms) = postSolution
		{B2B24FB0-C725-4133-945F-C54FF26B1EFA}.Ad-Hoc|Any CPU.ActiveCfg = Release|Any CPU
		{B2B24FB0-C725-4133-945F-C54FF26B1EFA}.Ad-Hoc|Any CPU.Build.0 = Release|Any CPU
		{B2B24FB0-C725-4133-945F-C54FF26B1EFA}.Ad-Hoc|Any CPU.Deploy.0 = Release|Any CPU
		{B2B24FB0-C725-4133-945F-C54FF26B1EFA}.Ad-Hoc|ARM.ActiveCfg = Release|Any CPU
		{B2B24FB0-C725-4133-945F-C54FF26B1EFA}.Ad-Hoc|ARM.Build.0 = Release|Any CPU
		{B2B24FB0-C725-4133-945F-C54FF26B1EFA}.Ad-Hoc|ARM.Deploy.0 = Release|Any CPU
		{B2B24FB0-C725-4133-945F-C54FF26B1EFA}.Ad-Hoc|iPhone.ActiveCfg = Release|Any CPU
		{B2B24FB0-C725-4133-945F-C54FF26B1EFA}.Ad-Hoc|iPhone.Build.0 = Release|Any CPU
		{B2B24FB0-C725-4133-945F-C54FF26B1EFA}.Ad-Hoc|iPhone.Deploy.0 = Release|Any CPU
		{B2B24FB0-C725-4133-945F-C54FF26B1EFA}.Ad-Hoc|iPhoneSimulator.ActiveCfg = Release|Any CPU
		{B2B24FB0-C725-4133-945F-C54FF26B1EFA}.Ad-Hoc|iPhoneSimulator.Build.0 = Release|Any CPU
		{B2B24FB0-C725-4133-945F-C54FF26B1EFA}.Ad-Hoc|iPhoneSimulator.Deploy.0 = Release|Any CPU
		{B2B24FB0-C725-4133-945F-C54FF26B1EFA}.Ad-Hoc|x64.ActiveCfg = Release|Any CPU
		{B2B24FB0-C725-4133-945F-C54FF26B1EFA}.Ad-Hoc|x64.Build.0 = Release|Any CPU
		{B2B24FB0-C725-4133-945F-C54FF26B1EFA}.Ad-Hoc|x64.Deploy.0 = Release|Any CPU
		{B2B24FB0-C725-4133-945F-C54FF26B1EFA}.Ad-Hoc|x86.ActiveCfg = Release|Any CPU
		{B2B24FB0-C725-4133-945F-C54FF26B1EFA}.Ad-Hoc|x86.Build.0 = Release|Any CPU
		{B2B24FB0-C725-4133-945F-C54FF26B1EFA}.Ad-Hoc|x86.Deploy.0 = Release|Any CPU
		{B2B24FB0-C725-4133-945F-C54FF26B1EFA}.AppStore|Any CPU.ActiveCfg = Release|Any CPU
		{B2B24FB0-C725-4133-945F-C54FF26B1EFA}.AppStore|Any CPU.Build.0 = Release|Any CPU
		{B2B24FB0-C725-4133-945F-C54FF26B1EFA}.AppStore|Any CPU.Deploy.0 = Release|Any CPU
		{B2B24FB0-C725-4133-945F-C54FF26B1EFA}.AppStore|ARM.ActiveCfg = Release|Any CPU
		{B2B24FB0-C725-4133-945F-C54FF26B1EFA}.AppStore|ARM.Build.0 = Release|Any CPU
		{B2B24FB0-C725-4133-945F-C54FF26B1EFA}.AppStore|ARM.Deploy.0 = Release|Any CPU
		{B2B24FB0-C725-4133-945F-C54FF26B1EFA}.AppStore|iPhone.ActiveCfg = Release|Any CPU
		{B2B24FB0-C725-4133-945F-C54FF26B1EFA}.AppStore|iPhone.Build.0 = Release|Any CPU
		{B2B24FB0-C725-4133-945F-C54FF26B1EFA}.AppStore|iPhone.Deploy.0 = Release|Any CPU
		{B2B24FB0-C725-4133-945F-C54FF26B1EFA}.AppStore|iPhoneSimulator.ActiveCfg = Release|Any CPU
		{B2B24FB0-C725-4133-945F-C54FF26B1EFA}.AppStore|iPhoneSimulator.Build.0 = Release|Any CPU
		{B2B24FB0-C725-4133-945F-C54FF26B1EFA}.AppStore|iPhoneSimulator.Deploy.0 = Release|Any CPU
		{B2B24FB0-C725-4133-945F-C54FF26B1EFA}.AppStore|x64.ActiveCfg = Release|Any CPU
		{B2B24FB0-C725-4133-945F-C54FF26B1EFA}.AppStore|x64.Build.0 = Release|Any CPU
		{B2B24FB0-C725-4133-945F-C54FF26B1EFA}.AppStore|x64.Deploy.0 = Release|Any CPU
		{B2B24FB0-C725-4133-945F-C54FF26B1EFA}.AppStore|x86.ActiveCfg = Release|Any CPU
		{B2B24FB0-C725-4133-945F-C54FF26B1EFA}.AppStore|x86.Build.0 = Release|Any CPU
		{B2B24FB0-C725-4133-945F-C54FF26B1EFA}.AppStore|x86.Deploy.0 = Release|Any CPU
		{B2B24FB0-C725-4133-945F-C54FF26B1EFA}.Debug|Any CPU.ActiveCfg = Debug|Any CPU
		{B2B24FB0-C725-4133-945F-C54FF26B1EFA}.Debug|Any CPU.Build.0 = Debug|Any CPU
		{B2B24FB0-C725-4133-945F-C54FF26B1EFA}.Debug|Any CPU.Deploy.0 = Debug|Any CPU
		{B2B24FB0-C725-4133-945F-C54FF26B1EFA}.Debug|ARM.ActiveCfg = Debug|Any CPU
		{B2B24FB0-C725-4133-945F-C54FF26B1EFA}.Debug|ARM.Build.0 = Debug|Any CPU
		{B2B24FB0-C725-4133-945F-C54FF26B1EFA}.Debug|ARM.Deploy.0 = Debug|Any CPU
		{B2B24FB0-C725-4133-945F-C54FF26B1EFA}.Debug|iPhone.ActiveCfg = Debug|Any CPU
		{B2B24FB0-C725-4133-945F-C54FF26B1EFA}.Debug|iPhone.Build.0 = Debug|Any CPU
		{B2B24FB0-C725-4133-945F-C54FF26B1EFA}.Debug|iPhone.Deploy.0 = Debug|Any CPU
		{B2B24FB0-C725-4133-945F-C54FF26B1EFA}.Debug|iPhoneSimulator.ActiveCfg = Debug|Any CPU
		{B2B24FB0-C725-4133-945F-C54FF26B1EFA}.Debug|iPhoneSimulator.Build.0 = Debug|Any CPU
		{B2B24FB0-C725-4133-945F-C54FF26B1EFA}.Debug|iPhoneSimulator.Deploy.0 = Debug|Any CPU
		{B2B24FB0-C725-4133-945F-C54FF26B1EFA}.Debug|x64.ActiveCfg = Debug|Any CPU
		{B2B24FB0-C725-4133-945F-C54FF26B1EFA}.Debug|x64.Build.0 = Debug|Any CPU
		{B2B24FB0-C725-4133-945F-C54FF26B1EFA}.Debug|x64.Deploy.0 = Debug|Any CPU
		{B2B24FB0-C725-4133-945F-C54FF26B1EFA}.Debug|x86.ActiveCfg = Debug|Any CPU
		{B2B24FB0-C725-4133-945F-C54FF26B1EFA}.Debug|x86.Build.0 = Debug|Any CPU
		{B2B24FB0-C725-4133-945F-C54FF26B1EFA}.Debug|x86.Deploy.0 = Debug|Any CPU
		{B2B24FB0-C725-4133-945F-C54FF26B1EFA}.Release|Any CPU.ActiveCfg = Release|Any CPU
		{B2B24FB0-C725-4133-945F-C54FF26B1EFA}.Release|Any CPU.Build.0 = Release|Any CPU
		{B2B24FB0-C725-4133-945F-C54FF26B1EFA}.Release|Any CPU.Deploy.0 = Release|Any CPU
		{B2B24FB0-C725-4133-945F-C54FF26B1EFA}.Release|ARM.ActiveCfg = Release|Any CPU
		{B2B24FB0-C725-4133-945F-C54FF26B1EFA}.Release|ARM.Build.0 = Release|Any CPU
		{B2B24FB0-C725-4133-945F-C54FF26B1EFA}.Release|ARM.Deploy.0 = Release|Any CPU
		{B2B24FB0-C725-4133-945F-C54FF26B1EFA}.Release|iPhone.ActiveCfg = Release|Any CPU
		{B2B24FB0-C725-4133-945F-C54FF26B1EFA}.Release|iPhone.Build.0 = Release|Any CPU
		{B2B24FB0-C725-4133-945F-C54FF26B1EFA}.Release|iPhone.Deploy.0 = Release|Any CPU
		{B2B24FB0-C725-4133-945F-C54FF26B1EFA}.Release|iPhoneSimulator.ActiveCfg = Release|Any CPU
		{B2B24FB0-C725-4133-945F-C54FF26B1EFA}.Release|iPhoneSimulator.Build.0 = Release|Any CPU
		{B2B24FB0-C725-4133-945F-C54FF26B1EFA}.Release|iPhoneSimulator.Deploy.0 = Release|Any CPU
		{B2B24FB0-C725-4133-945F-C54FF26B1EFA}.Release|x64.ActiveCfg = Release|Any CPU
		{B2B24FB0-C725-4133-945F-C54FF26B1EFA}.Release|x64.Build.0 = Release|Any CPU
		{B2B24FB0-C725-4133-945F-C54FF26B1EFA}.Release|x64.Deploy.0 = Release|Any CPU
		{B2B24FB0-C725-4133-945F-C54FF26B1EFA}.Release|x86.ActiveCfg = Release|Any CPU
		{B2B24FB0-C725-4133-945F-C54FF26B1EFA}.Release|x86.Build.0 = Release|Any CPU
		{B2B24FB0-C725-4133-945F-C54FF26B1EFA}.Release|x86.Deploy.0 = Release|Any CPU
		{C17CC521-171D-4288-A71D-3E0BA70D8F81}.Ad-Hoc|Any CPU.ActiveCfg = Release|Any CPU
		{C17CC521-171D-4288-A71D-3E0BA70D8F81}.Ad-Hoc|Any CPU.Build.0 = Release|Any CPU
		{C17CC521-171D-4288-A71D-3E0BA70D8F81}.Ad-Hoc|ARM.ActiveCfg = Release|Any CPU
		{C17CC521-171D-4288-A71D-3E0BA70D8F81}.Ad-Hoc|ARM.Build.0 = Release|Any CPU
		{C17CC521-171D-4288-A71D-3E0BA70D8F81}.Ad-Hoc|iPhone.ActiveCfg = Release|Any CPU
		{C17CC521-171D-4288-A71D-3E0BA70D8F81}.Ad-Hoc|iPhone.Build.0 = Release|Any CPU
		{C17CC521-171D-4288-A71D-3E0BA70D8F81}.Ad-Hoc|iPhoneSimulator.ActiveCfg = Release|Any CPU
		{C17CC521-171D-4288-A71D-3E0BA70D8F81}.Ad-Hoc|iPhoneSimulator.Build.0 = Release|Any CPU
		{C17CC521-171D-4288-A71D-3E0BA70D8F81}.Ad-Hoc|x64.ActiveCfg = Release|Any CPU
		{C17CC521-171D-4288-A71D-3E0BA70D8F81}.Ad-Hoc|x64.Build.0 = Release|Any CPU
		{C17CC521-171D-4288-A71D-3E0BA70D8F81}.Ad-Hoc|x86.ActiveCfg = Release|Any CPU
		{C17CC521-171D-4288-A71D-3E0BA70D8F81}.Ad-Hoc|x86.Build.0 = Release|Any CPU
		{C17CC521-171D-4288-A71D-3E0BA70D8F81}.AppStore|Any CPU.ActiveCfg = Release|Any CPU
		{C17CC521-171D-4288-A71D-3E0BA70D8F81}.AppStore|Any CPU.Build.0 = Release|Any CPU
		{C17CC521-171D-4288-A71D-3E0BA70D8F81}.AppStore|ARM.ActiveCfg = Release|Any CPU
		{C17CC521-171D-4288-A71D-3E0BA70D8F81}.AppStore|ARM.Build.0 = Release|Any CPU
		{C17CC521-171D-4288-A71D-3E0BA70D8F81}.AppStore|iPhone.ActiveCfg = Release|Any CPU
		{C17CC521-171D-4288-A71D-3E0BA70D8F81}.AppStore|iPhone.Build.0 = Release|Any CPU
		{C17CC521-171D-4288-A71D-3E0BA70D8F81}.AppStore|iPhoneSimulator.ActiveCfg = Release|Any CPU
		{C17CC521-171D-4288-A71D-3E0BA70D8F81}.AppStore|iPhoneSimulator.Build.0 = Release|Any CPU
		{C17CC521-171D-4288-A71D-3E0BA70D8F81}.AppStore|x64.ActiveCfg = Release|Any CPU
		{C17CC521-171D-4288-A71D-3E0BA70D8F81}.AppStore|x64.Build.0 = Release|Any CPU
		{C17CC521-171D-4288-A71D-3E0BA70D8F81}.AppStore|x86.ActiveCfg = Release|Any CPU
		{C17CC521-171D-4288-A71D-3E0BA70D8F81}.AppStore|x86.Build.0 = Release|Any CPU
		{C17CC521-171D-4288-A71D-3E0BA70D8F81}.Debug|Any CPU.ActiveCfg = Debug|Any CPU
		{C17CC521-171D-4288-A71D-3E0BA70D8F81}.Debug|Any CPU.Build.0 = Debug|Any CPU
		{C17CC521-171D-4288-A71D-3E0BA70D8F81}.Debug|ARM.ActiveCfg = Debug|Any CPU
		{C17CC521-171D-4288-A71D-3E0BA70D8F81}.Debug|ARM.Build.0 = Debug|Any CPU
		{C17CC521-171D-4288-A71D-3E0BA70D8F81}.Debug|iPhone.ActiveCfg = Debug|Any CPU
		{C17CC521-171D-4288-A71D-3E0BA70D8F81}.Debug|iPhone.Build.0 = Debug|Any CPU
		{C17CC521-171D-4288-A71D-3E0BA70D8F81}.Debug|iPhoneSimulator.ActiveCfg = Debug|Any CPU
		{C17CC521-171D-4288-A71D-3E0BA70D8F81}.Debug|iPhoneSimulator.Build.0 = Debug|Any CPU
		{C17CC521-171D-4288-A71D-3E0BA70D8F81}.Debug|x64.ActiveCfg = Debug|Any CPU
		{C17CC521-171D-4288-A71D-3E0BA70D8F81}.Debug|x64.Build.0 = Debug|Any CPU
		{C17CC521-171D-4288-A71D-3E0BA70D8F81}.Debug|x86.ActiveCfg = Debug|Any CPU
		{C17CC521-171D-4288-A71D-3E0BA70D8F81}.Debug|x86.Build.0 = Debug|Any CPU
		{C17CC521-171D-4288-A71D-3E0BA70D8F81}.Release|Any CPU.ActiveCfg = Release|Any CPU
		{C17CC521-171D-4288-A71D-3E0BA70D8F81}.Release|Any CPU.Build.0 = Release|Any CPU
		{C17CC521-171D-4288-A71D-3E0BA70D8F81}.Release|ARM.ActiveCfg = Release|Any CPU
		{C17CC521-171D-4288-A71D-3E0BA70D8F81}.Release|ARM.Build.0 = Release|Any CPU
		{C17CC521-171D-4288-A71D-3E0BA70D8F81}.Release|iPhone.ActiveCfg = Release|Any CPU
		{C17CC521-171D-4288-A71D-3E0BA70D8F81}.Release|iPhone.Build.0 = Release|Any CPU
		{C17CC521-171D-4288-A71D-3E0BA70D8F81}.Release|iPhoneSimulator.ActiveCfg = Release|Any CPU
		{C17CC521-171D-4288-A71D-3E0BA70D8F81}.Release|iPhoneSimulator.Build.0 = Release|Any CPU
		{C17CC521-171D-4288-A71D-3E0BA70D8F81}.Release|x64.ActiveCfg = Release|Any CPU
		{C17CC521-171D-4288-A71D-3E0BA70D8F81}.Release|x64.Build.0 = Release|Any CPU
		{C17CC521-171D-4288-A71D-3E0BA70D8F81}.Release|x86.ActiveCfg = Release|Any CPU
		{C17CC521-171D-4288-A71D-3E0BA70D8F81}.Release|x86.Build.0 = Release|Any CPU
		{605F69AA-93A8-4AEA-9BBD-BF3AE649506A}.Ad-Hoc|Any CPU.ActiveCfg = Release|Any CPU
		{605F69AA-93A8-4AEA-9BBD-BF3AE649506A}.Ad-Hoc|Any CPU.Build.0 = Release|Any CPU
		{605F69AA-93A8-4AEA-9BBD-BF3AE649506A}.Ad-Hoc|ARM.ActiveCfg = Release|Any CPU
		{605F69AA-93A8-4AEA-9BBD-BF3AE649506A}.Ad-Hoc|ARM.Build.0 = Release|Any CPU
		{605F69AA-93A8-4AEA-9BBD-BF3AE649506A}.Ad-Hoc|iPhone.ActiveCfg = Release|Any CPU
		{605F69AA-93A8-4AEA-9BBD-BF3AE649506A}.Ad-Hoc|iPhone.Build.0 = Release|Any CPU
		{605F69AA-93A8-4AEA-9BBD-BF3AE649506A}.Ad-Hoc|iPhoneSimulator.ActiveCfg = Release|Any CPU
		{605F69AA-93A8-4AEA-9BBD-BF3AE649506A}.Ad-Hoc|iPhoneSimulator.Build.0 = Release|Any CPU
		{605F69AA-93A8-4AEA-9BBD-BF3AE649506A}.Ad-Hoc|x64.ActiveCfg = Release|Any CPU
		{605F69AA-93A8-4AEA-9BBD-BF3AE649506A}.Ad-Hoc|x64.Build.0 = Release|Any CPU
		{605F69AA-93A8-4AEA-9BBD-BF3AE649506A}.Ad-Hoc|x86.ActiveCfg = Release|Any CPU
		{605F69AA-93A8-4AEA-9BBD-BF3AE649506A}.Ad-Hoc|x86.Build.0 = Release|Any CPU
		{605F69AA-93A8-4AEA-9BBD-BF3AE649506A}.AppStore|Any CPU.ActiveCfg = Release|Any CPU
		{605F69AA-93A8-4AEA-9BBD-BF3AE649506A}.AppStore|Any CPU.Build.0 = Release|Any CPU
		{605F69AA-93A8-4AEA-9BBD-BF3AE649506A}.AppStore|ARM.ActiveCfg = Release|Any CPU
		{605F69AA-93A8-4AEA-9BBD-BF3AE649506A}.AppStore|ARM.Build.0 = Release|Any CPU
		{605F69AA-93A8-4AEA-9BBD-BF3AE649506A}.AppStore|iPhone.ActiveCfg = Release|Any CPU
		{605F69AA-93A8-4AEA-9BBD-BF3AE649506A}.AppStore|iPhone.Build.0 = Release|Any CPU
		{605F69AA-93A8-4AEA-9BBD-BF3AE649506A}.AppStore|iPhoneSimulator.ActiveCfg = Release|Any CPU
		{605F69AA-93A8-4AEA-9BBD-BF3AE649506A}.AppStore|iPhoneSimulator.Build.0 = Release|Any CPU
		{605F69AA-93A8-4AEA-9BBD-BF3AE649506A}.AppStore|x64.ActiveCfg = Release|Any CPU
		{605F69AA-93A8-4AEA-9BBD-BF3AE649506A}.AppStore|x64.Build.0 = Release|Any CPU
		{605F69AA-93A8-4AEA-9BBD-BF3AE649506A}.AppStore|x86.ActiveCfg = Release|Any CPU
		{605F69AA-93A8-4AEA-9BBD-BF3AE649506A}.AppStore|x86.Build.0 = Release|Any CPU
		{605F69AA-93A8-4AEA-9BBD-BF3AE649506A}.Debug|Any CPU.ActiveCfg = Debug|Any CPU
		{605F69AA-93A8-4AEA-9BBD-BF3AE649506A}.Debug|Any CPU.Build.0 = Debug|Any CPU
		{605F69AA-93A8-4AEA-9BBD-BF3AE649506A}.Debug|ARM.ActiveCfg = Debug|Any CPU
		{605F69AA-93A8-4AEA-9BBD-BF3AE649506A}.Debug|ARM.Build.0 = Debug|Any CPU
		{605F69AA-93A8-4AEA-9BBD-BF3AE649506A}.Debug|iPhone.ActiveCfg = Debug|Any CPU
		{605F69AA-93A8-4AEA-9BBD-BF3AE649506A}.Debug|iPhone.Build.0 = Debug|Any CPU
		{605F69AA-93A8-4AEA-9BBD-BF3AE649506A}.Debug|iPhoneSimulator.ActiveCfg = Debug|Any CPU
		{605F69AA-93A8-4AEA-9BBD-BF3AE649506A}.Debug|iPhoneSimulator.Build.0 = Debug|Any CPU
		{605F69AA-93A8-4AEA-9BBD-BF3AE649506A}.Debug|x64.ActiveCfg = Debug|Any CPU
		{605F69AA-93A8-4AEA-9BBD-BF3AE649506A}.Debug|x64.Build.0 = Debug|Any CPU
		{605F69AA-93A8-4AEA-9BBD-BF3AE649506A}.Debug|x86.ActiveCfg = Debug|Any CPU
		{605F69AA-93A8-4AEA-9BBD-BF3AE649506A}.Debug|x86.Build.0 = Debug|Any CPU
		{605F69AA-93A8-4AEA-9BBD-BF3AE649506A}.Release|Any CPU.ActiveCfg = Release|Any CPU
		{605F69AA-93A8-4AEA-9BBD-BF3AE649506A}.Release|Any CPU.Build.0 = Release|Any CPU
		{605F69AA-93A8-4AEA-9BBD-BF3AE649506A}.Release|ARM.ActiveCfg = Release|Any CPU
		{605F69AA-93A8-4AEA-9BBD-BF3AE649506A}.Release|ARM.Build.0 = Release|Any CPU
		{605F69AA-93A8-4AEA-9BBD-BF3AE649506A}.Release|iPhone.ActiveCfg = Release|Any CPU
		{605F69AA-93A8-4AEA-9BBD-BF3AE649506A}.Release|iPhone.Build.0 = Release|Any CPU
		{605F69AA-93A8-4AEA-9BBD-BF3AE649506A}.Release|iPhoneSimulator.ActiveCfg = Release|Any CPU
		{605F69AA-93A8-4AEA-9BBD-BF3AE649506A}.Release|iPhoneSimulator.Build.0 = Release|Any CPU
		{605F69AA-93A8-4AEA-9BBD-BF3AE649506A}.Release|x64.ActiveCfg = Release|Any CPU
		{605F69AA-93A8-4AEA-9BBD-BF3AE649506A}.Release|x64.Build.0 = Release|Any CPU
		{605F69AA-93A8-4AEA-9BBD-BF3AE649506A}.Release|x86.ActiveCfg = Release|Any CPU
		{605F69AA-93A8-4AEA-9BBD-BF3AE649506A}.Release|x86.Build.0 = Release|Any CPU
	EndGlobalSection
	GlobalSection(SolutionProperties) = preSolution
		HideSolutionNode = FALSE
	EndGlobalSection
	GlobalSection(ExtensibilityGlobals) = postSolution
		SolutionGuid = {8A1C273B-C4EF-4FA9-A800-1C0F324D16EF}
	EndGlobalSection
EndGlobal
